
Microsoft Visual Studio Solution File, Format Version 12.00
# Visual Studio Version 16
VisualStudioVersion = 16.0.29911.84
MinimumVisualStudioVersion = 10.0.40219.1
Project("{FAE04EC0-301F-11D3-BF4B-00C04F79EFBC}") = "Formulario de cadastro", "Formulario de cadastro\Formulario de cadastro.csproj", "{489B0974-D9F5-47BC-8B6F-01FBC5E93AEF}"
EndProject
Global
	GlobalSection(SolutionConfigurationPlatforms) = preSolution
		Debug|Any CPU = Debug|Any CPU
		Release|Any CPU = Release|Any CPU
	EndGlobalSection
	GlobalSection(ProjectConfigurationPlatforms) = postSolution
		{489B0974-D9F5-47BC-8B6F-01FBC5E93AEF}.Debug|Any CPU.ActiveCfg = Debug|Any CPU
		{489B0974-D9F5-47BC-8B6F-01FBC5E93AEF}.Debug|Any CPU.Build.0 = Debug|Any CPU
		{489B0974-D9F5-47BC-8B6F-01FBC5E93AEF}.Release|Any CPU.ActiveCfg = Release|Any CPU
		{489B0974-D9F5-47BC-8B6F-01FBC5E93AEF}.Release|Any CPU.Build.0 = Release|Any CPU
	EndGlobalSection
	GlobalSection(SolutionProperties) = preSolution
		HideSolutionNode = FALSE
	EndGlobalSection
	GlobalSection(ExtensibilityGlobals) = postSolution
		SolutionGuid = {0FB87AC0-AF1F-47AC-B306-44B51EDF0AC3}
	EndGlobalSection
EndGlobal
